Microsoft Visual Studio Solution File, Format Version 12.00
# Visual Studio Version 17
VisualStudioVersion = 17.0.31903.59
MinimumVisualStudioVersion = 10.0.40219.1
Project("{FAE04EC0-301F-11D3-BF4B-00C04F79EFBC}") = "Interleaver.Core", "src\Interleaver.Core\Interleaver.Core.csproj", "{A3C61746-30F1-4A86-B544-E1632239CA76}"
EndProject
Project("{FAE04EC0-301F-11D3-BF4B-00C04F79EFBC}") = "Interleaver.Transport", "src\Interleaver.Transport\Interleaver.Transport.csproj", "{C4A96D72-9F1B-49F5-A4F2-A72F36D67839}"
EndProject
Global
	GlobalSection(SolutionConfigurationPlatforms) = preSolution
		Debug|Any CPU = Debug|Any CPU
		Release|Any CPU = Release|Any CPU
	EndGlobalSection
	GlobalSection(ProjectConfigurationPlatforms) = postSolution
		{A3C61746-30F1-4A86-B544-E1632239CA76}.Debug|Any CPU.ActiveCfg = Debug|Any CPU
		{A3C61746-30F1-4A86-B544-E1632239CA76}.Debug|Any CPU.Build.0 = Debug|Any CPU
		{A3C61746-30F1-4A86-B544-E1632239CA76}.Release|Any CPU.ActiveCfg = Release|Any CPU
		{A3C61746-30F1-4A86-B544-E1632239CA76}.Release|Any CPU.Build.0 = Release|Any CPU
		{C4A96D72-9F1B-49F5-A4F2-A72F36D67839}.Debug|Any CPU.ActiveCfg = Debug|Any CPU
		{C4A96D72-9F1B-49F5-A4F2-A72F36D67839}.Debug|Any CPU.Build.0 = Debug|Any CPU
		{C4A96D72-9F1B-49F5-A4F2-A72F36D67839}.Release|Any CPU.ActiveCfg = Release|Any CPU
		{C4A96D72-9F1B-49F5-A4F2-A72F36D67839}.Release|Any CPU.Build.0 = Release|Any CPU
	EndGlobalSection
	GlobalSection(SolutionProperties) = preSolution
		HideSolutionNode = FALSE
	EndGlobalSection
EndGlobal
